Microsoft Visual Studio Solution File, Format Version 12.00
# Visual Studio Version 17
VisualStudioVersion = 17.14.35906.104
MinimumVisualStudioVersion = 10.0.40219.1
Project("{FAE04EC0-301F-11D3-BF4B-00C04F79EFBC}") = "Inventario", "Inventario\Inventario.csproj", "{5EAE3B19-AE34-4CEA-BE46-C8C760224D92}"
EndProject
Global
	GlobalSection(SolutionConfigurationPlatforms) = preSolution
		Debug|Any CPU = Debug|Any CPU
		Release|Any CPU = Release|Any CPU
	EndGlobalSection
	GlobalSection(ProjectConfigurationPlatforms) = postSolution
		{5EAE3B19-AE34-4CEA-BE46-C8C760224D92}.Debug|Any CPU.ActiveCfg = Debug|Any CPU
		{5EAE3B19-AE34-4CEA-BE46-C8C760224D92}.Debug|Any CPU.Build.0 = Debug|Any CPU
		{5EAE3B19-AE34-4CEA-BE46-C8C760224D92}.Release|Any CPU.ActiveCfg = Release|Any CPU
		{5EAE3B19-AE34-4CEA-BE46-C8C760224D92}.Release|Any CPU.Build.0 = Release|Any CPU
	EndGlobalSection
	GlobalSection(SolutionProperties) = preSolution
		HideSolutionNode = FALSE
	EndGlobalSection
	GlobalSection(ExtensibilityGlobals) = postSolution
		SolutionGuid = {54CCE3EB-41B0-4A3C-AD3B-E9A5A223978B}
	EndGlobalSection
EndGlobal
